
Microsoft Visual Studio Solution File, Format Version 12.00
# Visual Studio Version 17
VisualStudioVersion = 17.5.002.0
MinimumVisualStudioVersion = 10.0.40219.1
Project("{9A19103F-16F7-4668-BE54-9A1E7A4F7556}") = "Entities", "Entities.csproj", "{70C59BBB-1EBE-42CC-93BE-8BA7911D2447}"
EndProject
Global
	GlobalSection(SolutionConfigurationPlatforms) = preSolution
		Debug|Any CPU = Debug|Any CPU
		Release|Any CPU = Release|Any CPU
	EndGlobalSection
	GlobalSection(ProjectConfigurationPlatforms) = postSolution
		{70C59BBB-1EBE-42CC-93BE-8BA7911D2447}.Debug|Any CPU.ActiveCfg = Debug|Any CPU
		{70C59BBB-1EBE-42CC-93BE-8BA7911D2447}.Debug|Any CPU.Build.0 = Debug|Any CPU
		{70C59BBB-1EBE-42CC-93BE-8BA7911D2447}.Release|Any CPU.ActiveCfg = Release|Any CPU
		{70C59BBB-1EBE-42CC-93BE-8BA7911D2447}.Release|Any CPU.Build.0 = Release|Any CPU
	EndGlobalSection
	GlobalSection(SolutionProperties) = preSolution
		HideSolutionNode = FALSE
	EndGlobalSection
	GlobalSection(ExtensibilityGlobals) = postSolution
		SolutionGuid = {9CAEEA07-7DBB-4D73-BCEA-21ECDC3ABD4D}
	EndGlobalSection
EndGlobal
